
Microsoft Visual Studio Solution File, Format Version 12.00
# Visual Studio Version 16
VisualStudioVersion = 16.0.30621.155
MinimumVisualStudioVersion = 10.0.40219.1
Project("{FAE04EC0-301F-11D3-BF4B-00C04F79EFBC}") = "Recreat.Mobile.Android", "Recreat\Recreat.Android\Recreat.Mobile.Android.csproj", "{CD8A7540-87BA-48D5-B802-05495A25E9AB}"
EndProject
Project("{FAE04EC0-301F-11D3-BF4B-00C04F79EFBC}") = "Recreat.Mobile.iOS", "Recreat\Recreat.iOS\Recreat.Mobile.iOS.csproj", "{D4599D06-FF31-4505-8FDC-0F30C977FD3F}"
EndProject
Project("{9A19103F-16F7-4668-BE54-9A1E7A4F7556}") = "Recreat.Mobile", "Recreat\Recreat\Recreat.Mobile.csproj", "{D26BCB6B-368C-4AFB-95F8-CD97CDE01E88}"
EndProject
Project("{2150E333-8FDC-42A3-9474-1A3956D46DE8}") = "Domain", "Domain", "{7AB3C66F-6CF6-4D5D-B625-4072FCF7F6D8}"
EndProject
Project("{9A19103F-16F7-4668-BE54-9A1E7A4F7556}") = "Recreat.Domain.Core", "Recreat.Domain.Core\Recreat.Domain.Core.csproj", "{7C9D6D5B-A6E8-40B1-9C3A-B34B7BA896C6}"
EndProject
Project("{9A19103F-16F7-4668-BE54-9A1E7A4F7556}") = "Recreat.Domain.Interfaces", "Recreat.Domain.Interfaces\Recreat.Domain.Interfaces.csproj", "{5BFF9EEC-45D4-4384-939B-FFD71954A617}"
EndProject
Project("{2150E333-8FDC-42A3-9474-1A3956D46DE8}") = "Infrastructure", "Infrastructure", "{82FE7103-4AFA-40A0-90A2-793A1B89D21B}"
EndProject
Project("{9A19103F-16F7-4668-BE54-9A1E7A4F7556}") = "Recreat.Infrastructure.Data", "Recreat.Infrastructure.Data\Recreat.Infrastructure.Data.csproj", "{FB0B5458-1BA9-4CB1-A277-7EE6C465118D}"
EndProject
Project("{9A19103F-16F7-4668-BE54-9A1E7A4F7556}") = "Recreat.Infrastructure.Business", "Recreat.Infrastructure.Business\Recreat.Infrastructure.Business.csproj", "{8B0F9939-C867-437C-A9E3-5FC4AF77A994}"
EndProject
Project("{2150E333-8FDC-42A3-9474-1A3956D46DE8}") = "Services", "Services", "{5C8B8C84-8F0E-483A-AB6B-9F88CBDD54AD}"
EndProject
Project("{9A19103F-16F7-4668-BE54-9A1E7A4F7556}") = "Recreat.Services.Interfaces", "Recreat.Services.Interfaces\Recreat.Services.Interfaces.csproj", "{7EE54ED6-4A3B-48A6-9043-BF6736A04F9C}"
EndProject
Project("{9A19103F-16F7-4668-BE54-9A1E7A4F7556}") = "Recreat.Server", "Recreat.Server\Recreat.Server.csproj", "{71A63DB7-95A1-4B03-BF3E-D82CAA3BC5A3}"
EndProject
Global
	GlobalSection(SolutionConfigurationPlatforms) = preSolution
		Debug|Any CPU = Debug|Any CPU
		Debug|iPhone = Debug|iPhone
		Debug|iPhoneSimulator = Debug|iPhoneSimulator
		Release|Any CPU = Release|Any CPU
		Release|iPhone = Release|iPhone
		Release|iPhoneSimulator = Release|iPhoneSimulator
	EndGlobalSection
	GlobalSection(ProjectConfigurationPlatforms) = postSolution
		{CD8A7540-87BA-48D5-B802-05495A25E9AB}.Debug|Any CPU.ActiveCfg = Debug|Any CPU
		{CD8A7540-87BA-48D5-B802-05495A25E9AB}.Debug|Any CPU.Build.0 = Debug|Any CPU
		{CD8A7540-87BA-48D5-B802-05495A25E9AB}.Debug|Any CPU.Deploy.0 = Debug|Any CPU
		{CD8A7540-87BA-48D5-B802-05495A25E9AB}.Debug|iPhone.ActiveCfg = Debug|Any CPU
		{CD8A7540-87BA-48D5-B802-05495A25E9AB}.Debug|iPhone.Build.0 = Debug|Any CPU
		{CD8A7540-87BA-48D5-B802-05495A25E9AB}.Debug|iPhone.Deploy.0 = Debug|Any CPU
		{CD8A7540-87BA-48D5-B802-05495A25E9AB}.Debug|iPhoneSimulator.ActiveCfg = Debug|Any CPU
		{CD8A7540-87BA-48D5-B802-05495A25E9AB}.Debug|iPhoneSimulator.Build.0 = Debug|Any CPU
		{CD8A7540-87BA-48D5-B802-05495A25E9AB}.Debug|iPhoneSimulator.Deploy.0 = Debug|Any CPU
		{CD8A7540-87BA-48D5-B802-05495A25E9AB}.Release|Any CPU.ActiveCfg = Release|Any CPU
		{CD8A7540-87BA-48D5-B802-05495A25E9AB}.Release|Any CPU.Build.0 = Release|Any CPU
		{CD8A7540-87BA-48D5-B802-05495A25E9AB}.Release|Any CPU.Deploy.0 = Release|Any CPU
		{CD8A7540-87BA-48D5-B802-05495A25E9AB}.Release|iPhone.ActiveCfg = Release|Any CPU
		{CD8A7540-87BA-48D5-B802-05495A25E9AB}.Release|iPhone.Build.0 = Release|Any CPU
		{CD8A7540-87BA-48D5-B802-05495A25E9AB}.Release|iPhone.Deploy.0 = Release|Any CPU
		{CD8A7540-87BA-48D5-B802-05495A25E9AB}.Release|iPhoneSimulator.ActiveCfg = Release|Any CPU
		{CD8A7540-87BA-48D5-B802-05495A25E9AB}.Release|iPhoneSimulator.Build.0 = Release|Any CPU
		{CD8A7540-87BA-48D5-B802-05495A25E9AB}.Release|iPhoneSimulator.Deploy.0 = Release|Any CPU
		{D4599D06-FF31-4505-8FDC-0F30C977FD3F}.Debug|Any CPU.ActiveCfg = Debug|iPhoneSimulator
		{D4599D06-FF31-4505-8FDC-0F30C977FD3F}.Debug|iPhone.ActiveCfg = Debug|iPhone
		{D4599D06-FF31-4505-8FDC-0F30C977FD3F}.Debug|iPhone.Build.0 = Debug|iPhone
		{D4599D06-FF31-4505-8FDC-0F30C977FD3F}.Debug|iPhoneSimulator.ActiveCfg = Debug|iPhoneSimulator
		{D4599D06-FF31-4505-8FDC-0F30C977FD3F}.Debug|iPhoneSimulator.Build.0 = Debug|iPhoneSimulator
		{D4599D06-FF31-4505-8FDC-0F30C977FD3F}.Release|Any CPU.ActiveCfg = Release|iPhoneSimulator
		{D4599D06-FF31-4505-8FDC-0F30C977FD3F}.Release|iPhone.ActiveCfg = Release|iPhone
		{D4599D06-FF31-4505-8FDC-0F30C977FD3F}.Release|iPhone.Build.0 = Release|iPhone
		{D4599D06-FF31-4505-8FDC-0F30C977FD3F}.Release|iPhoneSimulator.ActiveCfg = Release|iPhoneSimulator
		{D4599D06-FF31-4505-8FDC-0F30C977FD3F}.Release|iPhoneSimulator.Build.0 = Release|iPhoneSimulator
		{D26BCB6B-368C-4AFB-95F8-CD97CDE01E88}.Debug|Any CPU.ActiveCfg = Debug|Any CPU
		{D26BCB6B-368C-4AFB-95F8-CD97CDE01E88}.Debug|Any CPU.Build.0 = Debug|Any CPU
		{D26BCB6B-368C-4AFB-95F8-CD97CDE01E88}.Debug|iPhone.ActiveCfg = Debug|Any CPU
		{D26BCB6B-368C-4AFB-95F8-CD97CDE01E88}.Debug|iPhone.Build.0 = Debug|Any CPU
		{D26BCB6B-368C-4AFB-95F8-CD97CDE01E88}.Debug|iPhoneSimulator.ActiveCfg = Debug|Any CPU
		{D26BCB6B-368C-4AFB-95F8-CD97CDE01E88}.Debug|iPhoneSimulator.Build.0 = Debug|Any CPU
		{D26BCB6B-368C-4AFB-95F8-CD97CDE01E88}.Release|Any CPU.ActiveCfg = Release|Any CPU
		{D26BCB6B-368C-4AFB-95F8-CD97CDE01E88}.Release|Any CPU.Build.0 = Release|Any CPU
		{D26BCB6B-368C-4AFB-95F8-CD97CDE01E88}.Release|iPhone.ActiveCfg = Release|Any CPU
		{D26BCB6B-368C-4AFB-95F8-CD97CDE01E88}.Release|iPhone.Build.0 = Release|Any CPU
		{D26BCB6B-368C-4AFB-95F8-CD97CDE01E88}.Release|iPhoneSimulator.ActiveCfg = Release|Any CPU
		{D26BCB6B-368C-4AFB-95F8-CD97CDE01E88}.Release|iPhoneSimulator.Build.0 = Release|Any CPU
		{7C9D6D5B-A6E8-40B1-9C3A-B34B7BA896C6}.Debug|Any CPU.ActiveCfg = Debug|Any CPU
		{7C9D6D5B-A6E8-40B1-9C3A-B34B7BA896C6}.Debug|Any CPU.Build.0 = Debug|Any CPU
		{7C9D6D5B-A6E8-40B1-9C3A-B34B7BA896C6}.Debug|iPhone.ActiveCfg = Debug|Any CPU
		{7C9D6D5B-A6E8-40B1-9C3A-B34B7BA896C6}.Debug|iPhone.Build.0 = Debug|Any CPU
		{7C9D6D5B-A6E8-40B1-9C3A-B34B7BA896C6}.Debug|iPhoneSimulator.ActiveCfg = Debug|Any CPU
		{7C9D6D5B-A6E8-40B1-9C3A-B34B7BA896C6}.Debug|iPhoneSimulator.Build.0 = Debug|Any CPU
		{7C9D6D5B-A6E8-40B1-9C3A-B34B7BA896C6}.Release|Any CPU.ActiveCfg = Release|Any CPU
		{7C9D6D5B-A6E8-40B1-9C3A-B34B7BA896C6}.Release|Any CPU.Build.0 = Release|Any CPU
		{7C9D6D5B-A6E8-40B1-9C3A-B34B7BA896C6}.Release|iPhone.ActiveCfg = Release|Any CPU
		{7C9D6D5B-A6E8-40B1-9C3A-B34B7BA896C6}.Release|iPhone.Build.0 = Release|Any CPU
		{7C9D6D5B-A6E8-40B1-9C3A-B34B7BA896C6}.Release|iPhoneSimulator.ActiveCfg = Release|Any CPU
		{7C9D6D5B-A6E8-40B1-9C3A-B34B7BA896C6}.Release|iPhoneSimulator.Build.0 = Release|Any CPU
		{5BFF9EEC-45D4-4384-939B-FFD71954A617}.Debug|Any CPU.ActiveCfg = Debug|Any CPU
		{5BFF9EEC-45D4-4384-939B-FFD71954A617}.Debug|Any CPU.Build.0 = Debug|Any CPU
		{5BFF9EEC-45D4-4384-939B-FFD71954A617}.Debug|iPhone.ActiveCfg = Debug|Any CPU
		{5BFF9EEC-45D4-4384-939B-FFD71954A617}.Debug|iPhone.Build.0 = Debug|Any CPU
		{5BFF9EEC-45D4-4384-939B-FFD71954A617}.Debug|iPhoneSimulator.ActiveCfg = Debug|Any CPU
		{5BFF9EEC-45D4-4384-939B-FFD71954A617}.Debug|iPhoneSimulator.Build.0 = Debug|Any CPU
		{5BFF9EEC-45D4-4384-939B-FFD71954A617}.Release|Any CPU.ActiveCfg = Release|Any CPU
		{5BFF9EEC-45D4-4384-939B-FFD71954A617}.Release|Any CPU.Build.0 = Release|Any CPU
		{5BFF9EEC-45D4-4384-939B-FFD71954A617}.Release|iPhone.ActiveCfg = Release|Any CPU
		{5BFF9EEC-45D4-4384-939B-FFD71954A617}.Release|iPhone.Build.0 = Release|Any CPU
		{5BFF9EEC-45D4-4384-939B-FFD71954A617}.Release|iPhoneSimulator.ActiveCfg = Release|Any CPU
		{5BFF9EEC-45D4-4384-939B-FFD71954A617}.Release|iPhoneSimulator.Build.0 = Release|Any CPU
		{FB0B5458-1BA9-4CB1-A277-7EE6C465118D}.Debug|Any CPU.ActiveCfg = Debug|Any CPU
		{FB0B5458-1BA9-4CB1-A277-7EE6C465118D}.Debug|Any CPU.Build.0 = Debug|Any CPU
		{FB0B5458-1BA9-4CB1-A277-7EE6C465118D}.Debug|iPhone.ActiveCfg = Debug|Any CPU
		{FB0B5458-1BA9-4CB1-A277-7EE6C465118D}.Debug|iPhone.Build.0 = Debug|Any CPU
		{FB0B5458-1BA9-4CB1-A277-7EE6C465118D}.Debug|iPhoneSimulator.ActiveCfg = Debug|Any CPU
		{FB0B5458-1BA9-4CB1-A277-7EE6C465118D}.Debug|iPhoneSimulator.Build.0 = Debug|Any CPU
		{FB0B5458-1BA9-4CB1-A277-7EE6C465118D}.Release|Any CPU.ActiveCfg = Release|Any CPU
		{FB0B5458-1BA9-4CB1-A277-7EE6C465118D}.Release|Any CPU.Build.0 = Release|Any CPU
		{FB0B5458-1BA9-4CB1-A277-7EE6C465118D}.Release|iPhone.ActiveCfg = Release|Any CPU
		{FB0B5458-1BA9-4CB1-A277-7EE6C465118D}.Release|iPhone.Build.0 = Release|Any CPU
		{FB0B5458-1BA9-4CB1-A277-7EE6C465118D}.Release|iPhoneSimulator.ActiveCfg = Release|Any CPU
		{FB0B5458-1BA9-4CB1-A277-7EE6C465118D}.Release|iPhoneSimulator.Build.0 = Release|Any CPU
		{8B0F9939-C867-437C-A9E3-5FC4AF77A994}.Debug|Any CPU.ActiveCfg = Debug|Any CPU
		{8B0F9939-C867-437C-A9E3-5FC4AF77A994}.Debug|Any CPU.Build.0 = Debug|Any CPU
		{8B0F9939-C867-437C-A9E3-5FC4AF77A994}.Debug|iPhone.ActiveCfg = Debug|Any CPU
		{8B0F9939-C867-437C-A9E3-5FC4AF77A994}.Debug|iPhone.Build.0 = Debug|Any CPU
		{8B0F9939-C867-437C-A9E3-5FC4AF77A994}.Debug|iPhoneSimulator.ActiveCfg = Debug|Any CPU
		{8B0F9939-C867-437C-A9E3-5FC4AF77A994}.Debug|iPhoneSimulator.Build.0 = Debug|Any CPU
		{8B0F9939-C867-437C-A9E3-5FC4AF77A994}.Release|Any CPU.ActiveCfg = Release|Any CPU
		{8B0F9939-C867-437C-A9E3-5FC4AF77A994}.Release|Any CPU.Build.0 = Release|Any CPU
		{8B0F9939-C867-437C-A9E3-5FC4AF77A994}.Release|iPhone.ActiveCfg = Release|Any CPU
		{8B0F9939-C867-437C-A9E3-5FC4AF77A994}.Release|iPhone.Build.0 = Release|Any CPU
		{8B0F9939-C867-437C-A9E3-5FC4AF77A994}.Release|iPhoneSimulator.ActiveCfg = Release|Any CPU
		{8B0F9939-C867-437C-A9E3-5FC4AF77A994}.Release|iPhoneSimulator.Build.0 = Release|Any CPU
		{7EE54ED6-4A3B-48A6-9043-BF6736A04F9C}.Debug|Any CPU.ActiveCfg = Debug|Any CPU
		{7EE54ED6-4A3B-48A6-9043-BF6736A04F9C}.Debug|Any CPU.Build.0 = Debug|Any CPU
		{7EE54ED6-4A3B-48A6-9043-BF6736A04F9C}.Debug|iPhone.ActiveCfg = Debug|Any CPU
		{7EE54ED6-4A3B-48A6-9043-BF6736A04F9C}.Debug|iPhone.Build.0 = Debug|Any CPU
		{7EE54ED6-4A3B-48A6-9043-BF6736A04F9C}.Debug|iPhoneSimulator.ActiveCfg = Debug|Any CPU
		{7EE54ED6-4A3B-48A6-9043-BF6736A04F9C}.Debug|iPhoneSimulator.Build.0 = Debug|Any CPU
		{7EE54ED6-4A3B-48A6-9043-BF6736A04F9C}.Release|Any CPU.ActiveCfg = Release|Any CPU
		{7EE54ED6-4A3B-48A6-9043-BF6736A04F9C}.Release|Any CPU.Build.0 = Release|Any CPU
		{7EE54ED6-4A3B-48A6-9043-BF6736A04F9C}.Release|iPhone.ActiveCfg = Release|Any CPU
		{7EE54ED6-4A3B-48A6-9043-BF6736A04F9C}.Release|iPhone.Build.0 = Release|Any CPU
		{7EE54ED6-4A3B-48A6-9043-BF6736A04F9C}.Release|iPhoneSimulator.ActiveCfg = Release|Any CPU
		{7EE54ED6-4A3B-48A6-9043-BF6736A04F9C}.Release|iPhoneSimulator.Build.0 = Release|Any CPU
		{71A63DB7-95A1-4B03-BF3E-D82CAA3BC5A3}.Debug|Any CPU.ActiveCfg = Debug|Any CPU
		{71A63DB7-95A1-4B03-BF3E-D82CAA3BC5A3}.Debug|Any CPU.Build.0 = Debug|Any CPU
		{71A63DB7-95A1-4B03-BF3E-D82CAA3BC5A3}.Debug|iPhone.ActiveCfg = Debug|Any CPU
		{71A63DB7-95A1-4B03-BF3E-D82CAA3BC5A3}.Debug|iPhone.Build.0 = Debug|Any CPU
		{71A63DB7-95A1-4B03-BF3E-D82CAA3BC5A3}.Debug|iPhoneSimulator.ActiveCfg = Debug|Any CPU
		{71A63DB7-95A1-4B03-BF3E-D82CAA3BC5A3}.Debug|iPhoneSimulator.Build.0 = Debug|Any CPU
		{71A63DB7-95A1-4B03-BF3E-D82CAA3BC5A3}.Release|Any CPU.ActiveCfg = Release|Any CPU
		{71A63DB7-95A1-4B03-BF3E-D82CAA3BC5A3}.Release|Any CPU.Build.0 = Release|Any CPU
		{71A63DB7-95A1-4B03-BF3E-D82CAA3BC5A3}.Release|iPhone.ActiveCfg = Release|Any CPU
		{71A63DB7-95A1-4B03-BF3E-D82CAA3BC5A3}.Release|iPhone.Build.0 = Release|Any CPU
		{71A63DB7-95A1-4B03-BF3E-D82CAA3BC5A3}.Release|iPhoneSimulator.ActiveCfg = Release|Any CPU
		{71A63DB7-95A1-4B03-BF3E-D82CAA3BC5A3}.Release|iPhoneSimulator.Build.0 = Release|Any CPU
	EndGlobalSection
	GlobalSection(SolutionProperties) = preSolution
		HideSolutionNode = FALSE
	EndGlobalSection
	GlobalSection(NestedProjects) = preSolution
		{7C9D6D5B-A6E8-40B1-9C3A-B34B7BA896C6} = {7AB3C66F-6CF6-4D5D-B625-4072FCF7F6D8}
		{5BFF9EEC-45D4-4384-939B-FFD71954A617} = {7AB3C66F-6CF6-4D5D-B625-4072FCF7F6D8}
		{FB0B5458-1BA9-4CB1-A277-7EE6C465118D} = {82FE7103-4AFA-40A0-90A2-793A1B89D21B}
		{8B0F9939-C867-437C-A9E3-5FC4AF77A994} = {82FE7103-4AFA-40A0-90A2-793A1B89D21B}
		{7EE54ED6-4A3B-48A6-9043-BF6736A04F9C} = {5C8B8C84-8F0E-483A-AB6B-9F88CBDD54AD}
	EndGlobalSection
	GlobalSection(ExtensibilityGlobals) = postSolution
		SolutionGuid = {E704D51D-D9F9-43A6-8D0E-D57FD6EFFBD5}
	EndGlobalSection
EndGlobal
